Microsoft Visual Studio Solution File, Format Version 12.00
# Visual Studio Version 17
VisualStudioVersion = 17.5.2.0
MinimumVisualStudioVersion = 10.0.40219.1
Project("{2150E333-8FDC-42A3-9474-1A3956D46DE8}") = "shared", "shared", "{4F52FD11-658E-A102-6CD3-7D7C16FFA15B}"
EndProject
Project("{FAE04EC0-301F-11D3-BF4B-00C04F79EFBC}") = "AtlasBank.Core", "shared\AtlasBank.Core\AtlasBank.Core.csproj", "{D5CB4A7B-E758-1636-F5E1-4F96D57A72F0}"
EndProject
Global
	GlobalSection(SolutionConfigurationPlatforms) = preSolution
		Debug|Any CPU = Debug|Any CPU
		Release|Any CPU = Release|Any CPU
	EndGlobalSection
	GlobalSection(ProjectConfigurationPlatforms) = postSolution
		{D5CB4A7B-E758-1636-F5E1-4F96D57A72F0}.Debug|Any CPU.ActiveCfg = Debug|Any CPU
		{D5CB4A7B-E758-1636-F5E1-4F96D57A72F0}.Debug|Any CPU.Build.0 = Debug|Any CPU
		{D5CB4A7B-E758-1636-F5E1-4F96D57A72F0}.Release|Any CPU.ActiveCfg = Release|Any CPU
		{D5CB4A7B-E758-1636-F5E1-4F96D57A72F0}.Release|Any CPU.Build.0 = Release|Any CPU
	EndGlobalSection
	GlobalSection(SolutionProperties) = preSolution
		HideSolutionNode = FALSE
	EndGlobalSection
	GlobalSection(NestedProjects) = preSolution
		{D5CB4A7B-E758-1636-F5E1-4F96D57A72F0} = {4F52FD11-658E-A102-6CD3-7D7C16FFA15B}
	EndGlobalSection
	GlobalSection(ExtensibilityGlobals) = postSolution
		SolutionGuid = {0C0DE4FB-C259-4458-954F-7207CD9D8BFA}
	EndGlobalSection
EndGlobal
